// !$*UTF8*$!
{
	archiveVersion = 1;
	classes = {
	};
	objectVersion = 46;
	objects = {

/* Begin PBXBuildFile section */
		F41A83F11DB571B700004F0C /* AppDelegate.swift in Sources */ = {isa = PBXBuildFile; fileRef = F41A83F01DB571B700004F0C /* AppDelegate.swift */; };
		F41A83F31DB571B700004F0C /* ViewController.swift in Sources */ = {isa = PBXBuildFile; fileRef = F41A83F21DB571B700004F0C /* ViewController.swift */; };
		F41A83F61DB571B700004F0C /* Main.storyboard in Resources */ = {isa = PBXBuildFile; fileRef = F41A83F41DB571B700004F0C /* Main.storyboard */; };
		F41A83F81DB571B700004F0C /* Assets.xcassets in Resources */ = {isa = PBXBuildFile; fileRef = F41A83F71DB571B700004F0C /* Assets.xcassets */; };
		F41A83FB1DB571B700004F0C /* LaunchScreen.storyboard in Resources */ = {isa = PBXBuildFile; fileRef = F41A83F91DB571B700004F0C /* LaunchScreen.storyboard */; };
		F41A84061DB571B800004F0C /* Multi_Effect_Guitar_PedalTests.swift in Sources */ = {isa = PBXBuildFile; fileRef = F41A84051DB571B800004F0C /* Multi_Effect_Guitar_PedalTests.swift */; };
		F41A84111DB571B800004F0C /* Multi_Effect_Guitar_PedalUITests.swift in Sources */ = {isa = PBXBuildFile; fileRef = F41A84101DB571B800004F0C /* Multi_Effect_Guitar_PedalUITests.swift */; };
/* End PBXBuildFile section */

/* Begin PBXContainerItemProxy section */
		F41A84021DB571B800004F0C /* PBXContainerItemProxy */ = {
			isa = PBXContainerItemProxy;
			containerPortal = F41A83E51DB571B700004F0C /* Project object */;
			proxyType = 1;
			remoteGlobalIDString = F41A83EC1DB571B700004F0C;
			remoteInfo = "Multi-Effect-Guitar-Pedal";
		};
		F41A840D1DB571B800004F0C /* PBXContainerItemProxy */ = {
			isa = PBXContainerItemProxy;
			containerPortal = F41A83E51DB571B700004F0C /* Project object */;
			proxyType = 1;
			remoteGlobalIDString = F41A83EC1DB571B700004F0C;
			remoteInfo = "Multi-Effect-Guitar-Pedal";
		};
/* End PBXContainerItemProxy section */

/* Begin PBXFileReference section */
		F41A83ED1DB571B700004F0C /* Multi-Effect-Guitar-Pedal.app */ = {isa = PBXFileReference; explicitFileType = wrapper.application; includeInIndex = 0; path = "Multi-Effect-Guitar-Pedal.app"; sourceTree = BUILT_PRODUCTS_DIR; };
		F41A83F01DB571B700004F0C /* AppDelegate.swift */ = {isa = PBXFileReference; lastKnownFileType = sourcecode.swift; path = AppDelegate.swift; sourceTree = "<group>"; };
		F41A83F21DB571B700004F0C /* ViewController.swift */ = {isa = PBXFileReference; lastKnownFileType = sourcecode.swift; path = ViewController.swift; sourceTree = "<group>"; };
		F41A83F51DB571B700004F0C /* Base */ = {isa = PBXFileReference; lastKnownFileType = file.storyboard; name = Base; path = Base.lproj/Main.storyboard; sourceTree = "<group>"; };
		F41A83F71DB571B700004F0C /* Assets.xcassets */ = {isa = PBXFileReference; lastKnownFileType = folder.assetcatalog; path = Assets.xcassets; sourceTree = "<group>"; };
		F41A83FA1DB571B700004F0C /* Base */ = {isa = PBXFileReference; lastKnownFileType = file.storyboard; name = Base; path = Base.lproj/LaunchScreen.storyboard; sourceTree = "<group>"; };
		F41A83FC1DB571B700004F0C /* Info.plist */ = {isa = PBXFileReference; lastKnownFileType = text.plist.xml; path = Info.plist; sourceTree = "<group>"; };
		F41A84011DB571B800004F0C /* Multi-Effect-Guitar-PedalTests.xctest */ = {isa = PBXFileReference; explicitFileType = wrapper.cfbundle; includeInIndex = 0; path = "Multi-Effect-Guitar-PedalTests.xctest"; sourceTree = BUILT_PRODUCTS_DIR; };
		F41A84051DB571B800004F0C /* Multi_Effect_Guitar_PedalTests.swift */ = {isa = PBXFileReference; lastKnownFileType = sourcecode.swift; path = Multi_Effect_Guitar_PedalTests.swift; sourceTree = "<group>"; };
		F41A84071DB571B800004F0C /* Info.plist */ = {isa = PBXFileReference; lastKnownFileType = text.plist.xml; path = Info.plist; sourceTree = "<group>"; };
		F41A840C1DB571B800004F0C /* Multi-Effect-Guitar-PedalUITests.xctest */ = {isa = PBXFileReference; explicitFileType = wrapper.cfbundle; includeInIndex = 0; path = "Multi-Effect-Guitar-PedalUITests.xctest"; sourceTree = BUILT_PRODUCTS_DIR; };
		F41A84101DB571B800004F0C /* Multi_Effect_Guitar_PedalUITests.swift */ = {isa = PBXFileReference; lastKnownFileType = sourcecode.swift; path = Multi_Effect_Guitar_PedalUITests.swift; sourceTree = "<group>"; };
		F41A84121DB571B800004F0C /* Info.plist */ = {isa = PBXFileReference; lastKnownFileType = text.plist.xml; path = Info.plist; sourceTree = "<group>"; };
/* End PBXFileReference section */

/* Begin PBXFrameworksBuildPhase section */
		F41A83EA1DB571B700004F0C /* Frameworks */ = {
			isa = PBXFrameworksBuildPhase;
			buildActionMask = 2147483647;
			files = (
			);
			runOnlyForDeploymentPostprocessing = 0;
		};
		F41A83FE1DB571B800004F0C /* Frameworks */ = {
			isa = PBXFrameworksBuildPhase;
			buildActionMask = 2147483647;
			files = (
			);
			runOnlyForDeploymentPostprocessing = 0;
		};
		F41A84091DB571B800004F0C /* Frameworks */ = {
			isa = PBXFrameworksBuildPhase;
			buildActionMask = 2147483647;
			files = (
			);
			runOnlyForDeploymentPostprocessing = 0;
		};
/* End PBXFrameworksBuildPhase section */

/* Begin PBXGroup section */
		F41A83E41DB571B700004F0C = {
			isa = PBXGroup;
			children = (
				F41A83EF1DB571B700004F0C /* Multi-Effect-Guitar-Pedal */,
				F41A84041DB571B800004F0C /* Multi-Effect-Guitar-PedalTests */,
				F41A840F1DB571B800004F0C /* Multi-Effect-Guitar-PedalUITests */,
				F41A83EE1DB571B700004F0C /* Products */,
			);
			sourceTree = "<group>";
		};
		F41A83EE1DB571B700004F0C /* Products */ = {
			isa = PBXGroup;
			children = (
				F41A83ED1DB571B700004F0C /* Multi-Effect-Guitar-Pedal.app */,
				F41A84011DB571B800004F0C /* Multi-Effect-Guitar-PedalTests.xctest */,
				F41A840C1DB571B800004F0C /* Multi-Effect-Guitar-PedalUITests.xctest */,
			);
			name = Products;
			sourceTree = "<group>";
		};
		F41A83EF1DB571B700004F0C /* Multi-Effect-Guitar-Pedal */ = {
			isa = PBXGroup;
			children = (
				F41A83F01DB571B700004F0C /* AppDelegate.swift */,
				F41A83F21DB571B700004F0C /* ViewController.swift */,
				F41A83F41DB571B700004F0C /* Main.storyboard */,
				F41A83F71DB571B700004F0C /* Assets.xcassets */,
				F41A83F91DB571B700004F0C /* LaunchScreen.storyboard */,
				F41A83FC1DB571B700004F0C /* Info.plist */,
			);
			path = "Multi-Effect-Guitar-Pedal";
			sourceTree = "<group>";
		};
		F41A84041DB571B800004F0C /* Multi-Effect-Guitar-PedalTests */ = {
			isa = PBXGroup;
			children = (
				F41A84051DB571B800004F0C /* Multi_Effect_Guitar_PedalTests.swift */,
				F41A84071DB571B800004F0C /* Info.plist */,
			);
			path = "Multi-Effect-Guitar-PedalTests";
			sourceTree = "<group>";
		};
		F41A840F1DB571B800004F0C /* Multi-Effect-Guitar-PedalUITests */ = {
			isa = PBXGroup;
			children = (
				F41A84101DB571B800004F0C /* Multi_Effect_Guitar_PedalUITests.swift */,
				F41A84121DB571B800004F0C /* Info.plist */,
			);
			path = "Multi-Effect-Guitar-PedalUITests";
			sourceTree = "<group>";
		};
/* End PBXGroup section */

/* Begin PBXNativeTarget section */
		F41A83EC1DB571B700004F0C /* Multi-Effect-Guitar-Pedal */ = {
			isa = PBXNativeTarget;
			buildConfigurationList = F41A84151DB571B800004F0C /* Build configuration list for PBXNativeTarget "Multi-Effect-Guitar-Pedal" */;
			buildPhases = (
				F41A83E91DB571B700004F0C /* Sources */,
				F41A83EA1DB571B700004F0C /* Frameworks */,
				F41A83EB1DB571B700004F0C /* Resources */,
			);
			buildRules = (
			);
			dependencies = (
			);
			name = "Multi-Effect-Guitar-Pedal";
			productName = "Multi-Effect-Guitar-Pedal";
			productReference = F41A83ED1DB571B700004F0C /* Multi-Effect-Guitar-Pedal.app */;
			productType = "com.apple.product-type.application";
		};
		F41A84001DB571B800004F0C /* Multi-Effect-Guitar-PedalTests */ = {
			isa = PBXNativeTarget;
			buildConfigurationList = F41A84181DB571B800004F0C /* Build configuration list for PBXNativeTarget "Multi-Effect-Guitar-PedalTests" */;
			buildPhases = (
				F41A83FD1DB571B800004F0C /* Sources */,
				F41A83FE1DB571B800004F0C /* Frameworks */,
				F41A83FF1DB571B800004F0C /* Resources */,
			);
			buildRules = (
			);
			dependencies = (
				F41A84031DB571B800004F0C /* PBXTargetDependency */,
			);
			name = "Multi-Effect-Guitar-PedalTests";
			productName = "Multi-Effect-Guitar-PedalTests";
			productReference = F41A84011DB571B800004F0C /* Multi-Effect-Guitar-PedalTests.xctest */;
			productType = "com.apple.product-type.bundle.unit-test";
		};
		F41A840B1DB571B800004F0C /* Multi-Effect-Guitar-PedalUITests */ = {
			isa = PBXNativeTarget;
			buildConfigurationList = F41A841B1DB571B800004F0C /* Build configuration list for PBXNativeTarget "Multi-Effect-Guitar-PedalUITests" */;
			buildPhases = (
				F41A84081DB571B800004F0C /* Sources */,
				F41A84091DB571B800004F0C /* Frameworks */,
				F41A840A1DB571B800004F0C /* Resources */,
			);
			buildRules = (
			);
			dependencies = (
				F41A840E1DB571B800004F0C /* PBXTargetDependency */,
			);
			name = "Multi-Effect-Guitar-PedalUITests";
			productName = "Multi-Effect-Guitar-PedalUITests";
			productReference = F41A840C1DB571B800004F0C /* Multi-Effect-Guitar-PedalUITests.xctest */;
			productType = "com.apple.product-type.bundle.ui-testing";
		};
/* End PBXNativeTarget section */

/* Begin PBXProject section */
		F41A83E51DB571B700004F0C /* Project object */ = {
			isa = PBXProject;
			attributes = {
				LastSwiftUpdateCheck = 0800;
				LastUpgradeCheck = 0800;
				ORGANIZATIONNAME = "Noah Pena";
				TargetAttributes = {
					F41A83EC1DB571B700004F0C = {
						CreatedOnToolsVersion = 8.0;
						DevelopmentTeam = DVUKB7EF77;
						ProvisioningStyle = Automatic;
					};
					F41A84001DB571B800004F0C = {
						CreatedOnToolsVersion = 8.0;
						DevelopmentTeam = DVUKB7EF77;
						ProvisioningStyle = Automatic;
						TestTargetID = F41A83EC1DB571B700004F0C;
					};
					F41A840B1DB571B800004F0C = {
						CreatedOnToolsVersion = 8.0;
						DevelopmentTeam = DVUKB7EF77;
						ProvisioningStyle = Automatic;
						TestTargetID = F41A83EC1DB571B700004F0C;
					};
				};
			};
			buildConfigurationList = F41A83E81DB571B700004F0C /* Build configuration list for PBXProject "Multi-Effect-Guitar-Pedal" */;
			compatibilityVersion = "Xcode 3.2";
			developmentRegion = English;
			hasScannedForEncodings = 0;
			knownRegions = (
				en,
				Base,
			);
			mainGroup = F41A83E41DB571B700004F0C;
			productRefGroup = F41A83EE1DB571B700004F0C /* Products */;
			projectDirPath = "";
			projectRoot = "";
			targets = (
				F41A83EC1DB571B700004F0C /* Multi-Effect-Guitar-Pedal */,
				F41A84001DB571B800004F0C /* Multi-Effect-Guitar-PedalTests */,
				F41A840B1DB571B800004F0C /* Multi-Effect-Guitar-PedalUITests */,
			);
		};
/* End PBXProject section */

/* Begin PBXResourcesBuildPhase section */
		F41A83EB1DB571B700004F0C /* Resources */ = {
			isa = PBXResourcesBuildPhase;
			buildActionMask = 2147483647;
			files = (
				F41A83FB1DB571B700004F0C /* LaunchScreen.storyboard in Resources */,
				F41A83F81DB571B700004F0C /* Assets.xcassets in Resources */,
				F41A83F61DB571B700004F0C /* Main.storyboard in Resources */,
			);
			runOnlyForDeploymentPostprocessing = 0;
		};
		F41A83FF1DB571B800004F0C /* Resources */ = {
			isa = PBXResourcesBuildPhase;
			buildActionMask = 2147483647;
			files = (
			);
			runOnlyForDeploymentPostprocessing = 0;
		};
		F41A840A1DB571B800004F0C /* Resources */ = {
			isa = PBXResourcesBuildPhase;
			buildActionMask = 2147483647;
			files = (
			);
			runOnlyForDeploymentPostprocessing = 0;
		};
/* End PBXResourcesBuildPhase section */

/* Begin PBXSourcesBuildPhase section */
		F41A83E91DB571B700004F0C /* Sources */ = {
			isa = PBXSourcesBuildPhase;
			buildActionMask = 2147483647;
			files = (
				F41A83F31DB571B700004F0C /* ViewController.swift in Sources */,
				F41A83F11DB571B700004F0C /* AppDelegate.swift in Sources */,
			);
			runOnlyForDeploymentPostprocessing = 0;
		};
		F41A83FD1DB571B800004F0C /* Sources */ = {
			isa = PBXSourcesBuildPhase;
			buildActionMask = 2147483647;
			files = (
				F41A84061DB571B800004F0C /* Multi_Effect_Guitar_PedalTests.swift in Sources */,
			);
			runOnlyForDeploymentPostprocessing = 0;
		};
		F41A84081DB571B800004F0C /* Sources */ = {
			isa = PBXSourcesBuildPhase;
			buildActionMask = 2147483647;
			files = (
				F41A84111DB571B800004F0C /* Multi_Effect_Guitar_PedalUITests.swift in Sources */,
			);
			runOnlyForDeploymentPostprocessing = 0;
		};
/* End PBXSourcesBuildPhase section */

/* Begin PBXTargetDependency section */
		F41A84031DB571B800004F0C /* PBXTargetDependency */ = {
			isa = PBXTargetDependency;
			target = F41A83EC1DB571B700004F0C /* Multi-Effect-Guitar-Pedal */;
			targetProxy = F41A84021DB571B800004F0C /* PBXContainerItemProxy */;
		};
		F41A840E1DB571B800004F0C /* PBXTargetDependency */ = {
			isa = PBXTargetDependency;
			target = F41A83EC1DB571B700004F0C /* Multi-Effect-Guitar-Pedal */;
			targetProxy = F41A840D1DB571B800004F0C /* PBXContainerItemProxy */;
		};
/* End PBXTargetDependency section */

/* Begin PBXVariantGroup section */
		F41A83F41DB571B700004F0C /* Main.storyboard */ = {
			isa = PBXVariantGroup;
			children = (
				F41A83F51DB571B700004F0C /* Base */,
			);
			name = Main.storyboard;
			sourceTree = "<group>";
		};
		F41A83F91DB571B700004F0C /* LaunchScreen.storyboard */ = {
			isa = PBXVariantGroup;
			children = (
				F41A83FA1DB571B700004F0C /* Base */,
			);
			name = LaunchScreen.storyboard;
			sourceTree = "<group>";
		};
/* End PBXVariantGroup section */

/* Begin XCBuildConfiguration section */
		F41A84131DB571B800004F0C /* Debug */ = {
			isa = XCBuildConfiguration;
			buildSettings = {
				ALWAYS_SEARCH_USER_PATHS = NO;
				CLANG_ANALYZER_NONNULL = YES;
				CLANG_CXX_LANGUAGE_STANDARD = "gnu++0x";
				CLANG_CXX_LIBRARY = "libc++";
				CLANG_ENABLE_MODULES = YES;
				CLANG_ENABLE_OBJC_ARC = YES;
				CLANG_WARN_BOOL_CONVERSION = YES;
				CLANG_WARN_CONSTANT_CONVERSION = YES;
				CLANG_WARN_DIRECT_OBJC_ISA_USAGE = YES_ERROR;
				CLANG_WARN_DOCUMENTATION_COMMENTS = YES;
				CLANG_WARN_EMPTY_BODY = YES;
				CLANG_WARN_ENUM_CONVERSION = YES;
				CLANG_WARN_INFINITE_RECURSION = YES;
				CLANG_WARN_INT_CONVERSION = YES;
				CLANG_WARN_OBJC_ROOT_CLASS = YES_ERROR;
				CLANG_WARN_SUSPICIOUS_MOVES = YES;
				CLANG_WARN_UNREACHABLE_CODE = YES;
				CLANG_WARN__DUPLICATE_METHOD_MATCH = YES;
				"CODE_SIGN_IDENTITY[sdk=iphoneos*]" = "iPhone Developer";
				COPY_PHASE_STRIP = NO;
				DEBUG_INFORMATION_FORMAT = dwarf;
				ENABLE_STRICT_OBJC_MSGSEND = YES;
				ENABLE_TESTABILITY = YES;
				GCC_C_LANGUAGE_STANDARD = gnu99;
				GCC_DYNAMIC_NO_PIC = NO;
				GCC_NO_COMMON_BLOCKS = YES;
				GCC_OPTIMIZATION_LEVEL = 0;
				GCC_PREPROCESSOR_DEFINITIONS = (
					"DEBUG=1",
					"$(inherited)",
				);
				GCC_WARN_64_TO_32_BIT_CONVERSION = YES;
				GCC_WARN_ABOUT_RETURN_TYPE = YES_ERROR;
				GCC_WARN_UNDECLARED_SELECTOR = YES;
				GCC_WARN_UNINITIALIZED_AUTOS = YES_AGGRESSIVE;
				GCC_WARN_UNUSED_FUNCTION = YES;
				GCC_WARN_UNUSED_VARIABLE = YES;
				IPHONEOS_DEPLOYMENT_TARGET = 10.0;
				MTL_ENABLE_DEBUG_INFO = YES;
				ONLY_ACTIVE_ARCH = YES;
				SDKROOT = iphoneos;
				SWIFT_ACTIVE_COMPILATION_CONDITIONS = DEBUG;
				SWIFT_OPTIMIZATION_LEVEL = "-Onone";
				TARGETED_DEVICE_FAMILY = "1,2";
			};
			name = Debug;
		};
		F41A84141DB571B800004F0C /* Release */ = {
			isa = XCBuildConfiguration;
			buildSettings = {
				ALWAYS_SEARCH_USER_PATHS = NO;
				CLANG_ANALYZER_NONNULL = YES;
				CLANG_CXX_LANGUAGE_STANDARD = "gnu++0x";
				CLANG_CXX_LIBRARY = "libc++";
				CLANG_ENABLE_MODULES = YES;
				CLANG_ENABLE_OBJC_ARC = YES;
				CLANG_WARN_BOOL_CONVERSION = YES;
				CLANG_WARN_CONSTANT_CONVERSION = YES;
				CLANG_WARN_DIRECT_OBJC_ISA_USAGE = YES_ERROR;
				CLANG_WARN_DOCUMENTATION_COMMENTS = YES;
				CLANG_WARN_EMPTY_BODY = YES;
				CLANG_WARN_ENUM_CONVERSION = YES;
				CLANG_WARN_INFINITE_RECURSION = YES;
				CLANG_WARN_INT_CONVERSION = YES;
				CLANG_WARN_OBJC_ROOT_CLASS = YES_ERROR;
				CLANG_WARN_SUSPICIOUS_MOVES = YES;
				CLANG_WARN_UNREACHABLE_CODE = YES;
				CLANG_WARN__DUPLICATE_METHOD_MATCH = YES;
				"CODE_SIGN_IDENTITY[sdk=iphoneos*]" = "iPhone Developer";
				COPY_PHASE_STRIP = NO;
				DEBUG_INFORMATION_FORMAT = "dwarf-with-dsym";
				ENABLE_NS_ASSERTIONS = NO;
				ENABLE_STRICT_OBJC_MSGSEND = YES;
				GCC_C_LANGUAGE_STANDARD = gnu99;
				GCC_NO_COMMON_BLOCKS = YES;
				GCC_WARN_64_TO_32_BIT_CONVERSION = YES;
				GCC_WARN_ABOUT_RETURN_TYPE = YES_ERROR;
				GCC_WARN_UNDECLARED_SELECTOR = YES;
				GCC_WARN_UNINITIALIZED_AUTOS = YES_AGGRESSIVE;
				GCC_WARN_UNUSED_FUNCTION = YES;
				GCC_WARN_UNUSED_VARIABLE = YES;
				IPHONEOS_DEPLOYMENT_TARGET = 10.0;
				MTL_ENABLE_DEBUG_INFO = NO;
				SDKROOT = iphoneos;
				SWIFT_OPTIMIZATION_LEVEL = "-Owholemodule";
				TARGETED_DEVICE_FAMILY = "1,2";
				VALIDATE_PRODUCT = YES;
			};
			name = Release;
		};
		F41A84161DB571B800004F0C /* Debug */ = {
			isa = XCBuildConfiguration;
			buildSettings = {
				ASSETCATALOG_COMPILER_APPICON_NAME = AppIcon;
				DEVELOPMENT_TEAM = DVUKB7EF77;
				INFOPLIST_FILE = "Multi-Effect-Guitar-Pedal/Info.plist";
				LD_RUNPATH_SEARCH_PATHS = "$(inherited) @executable_path/Frameworks";
				PRODUCT_BUNDLE_IDENTIFIER = "com.noahpena.Multi-Effect-Guitar-Pedal";
				PRODUCT_NAME = "$(TARGET_NAME)";
				SWIFT_VERSION = 3.0;
			};
			name = Debug;
		};
		F41A84171DB571B800004F0C /* Release */ = {
			isa = XCBuildConfiguration;
			buildSettings = {
				ASSETCATALOG_COMPILER_APPICON_NAME = AppIcon;
				DEVELOPMENT_TEAM = DVUKB7EF77;
				INFOPLIST_FILE = "Multi-Effect-Guitar-Pedal/Info.plist";
				LD_RUNPATH_SEARCH_PATHS = "$(inherited) @executable_path/Frameworks";
				PRODUCT_BUNDLE_IDENTIFIER = "com.noahpena.Multi-Effect-Guitar-Pedal";
				PRODUCT_NAME = "$(TARGET_NAME)";
				SWIFT_VERSION = 3.0;
			};
			name = Release;
		};
		F41A84191DB571B800004F0C /* Debug */ = {
			isa = XCBuildConfiguration;
			buildSettings = {
				ALWAYS_EMBED_SWIFT_STANDARD_LIBRARIES = YES;
				BUNDLE_LOADER = "$(TEST_HOST)";
				DEVELOPMENT_TEAM = DVUKB7EF77;
				INFOPLIST_FILE = "Multi-Effect-Guitar-PedalTests/Info.plist";
				LD_RUNPATH_SEARCH_PATHS = "$(inherited) @executable_path/Frameworks @loader_path/Frameworks";
				PRODUCT_BUNDLE_IDENTIFIER = "com.noahpena.Multi-Effect-Guitar-PedalTests";
				PRODUCT_NAME = "$(TARGET_NAME)";
				SWIFT_VERSION = 3.0;
				TEST_HOST = "$(BUILT_PRODUCTS_DIR)/Multi-Effect-Guitar-Pedal.app/Multi-Effect-Guitar-Pedal";
			};
			name = Debug;
		};
		F41A841A1DB571B800004F0C /* Release */ = {
			isa = XCBuildConfiguration;
			buildSettings = {
				ALWAYS_EMBED_SWIFT_STANDARD_LIBRARIES = YES;
				BUNDLE_LOADER = "$(TEST_HOST)";
				DEVELOPMENT_TEAM = DVUKB7EF77;
				INFOPLIST_FILE = "Multi-Effect-Guitar-PedalTests/Info.plist";
				LD_RUNPATH_SEARCH_PATHS = "$(inherited) @executable_path/Frameworks @loader_path/Frameworks";
				PRODUCT_BUNDLE_IDENTIFIER = "com.noahpena.Multi-Effect-Guitar-PedalTests";
				PRODUCT_NAME = "$(TARGET_NAME)";
				SWIFT_VERSION = 3.0;
				TEST_HOST = "$(BUILT_PRODUCTS_DIR)/Multi-Effect-Guitar-Pedal.app/Multi-Effect-Guitar-Pedal";
			};
			name = Release;
		};
		F41A841C1DB571B800004F0C /* Debug */ = {
			isa = XCBuildConfiguration;
			buildSettings = {
				ALWAYS_EMBED_SWIFT_STANDARD_LIBRARIES = YES;
				DEVELOPMENT_TEAM = DVUKB7EF77;
				INFOPLIST_FILE = "Multi-Effect-Guitar-PedalUITests/Info.plist";
				LD_RUNPATH_SEARCH_PATHS = "$(inherited) @executable_path/Frameworks @loader_path/Frameworks";
				PRODUCT_BUNDLE_IDENTIFIER = "com.noahpena.Multi-Effect-Guitar-PedalUITests";
				PRODUCT_NAME = "$(TARGET_NAME)";
				SWIFT_VERSION = 3.0;
				TEST_TARGET_NAME = "Multi-Effect-Guitar-Pedal";
			};
			name = Debug;
		};
		F41A841D1DB571B800004F0C /* Release */ = {
			isa = XCBuildConfiguration;
			buildSettings = {
				ALWAYS_EMBED_SWIFT_STANDARD_LIBRARIES = YES;
				DEVELOPMENT_TEAM = DVUKB7EF77;
				INFOPLIST_FILE = "Multi-Effect-Guitar-PedalUITests/Info.plist";
				LD_RUNPATH_SEARCH_PATHS = "$(inherited) @executable_path/Frameworks @loader_path/Frameworks";
				PRODUCT_BUNDLE_IDENTIFIER = "com.noahpena.Multi-Effect-Guitar-PedalUITests";
				PRODUCT_NAME = "$(TARGET_NAME)";
				SWIFT_VERSION = 3.0;
				TEST_TARGET_NAME = "Multi-Effect-Guitar-Pedal";
			};
			name = Release;
		};
/* End XCBuildConfiguration section */

/* Begin XCConfigurationList section */
		F41A83E81DB571B700004F0C /* Build configuration list for PBXProject "Multi-Effect-Guitar-Pedal" */ = {
			isa = XCConfigurationList;
			buildConfigurations = (
				F41A84131DB571B800004F0C /* Debug */,
				F41A84141DB571B800004F0C /* Release */,
			);
			defaultConfigurationIsVisible = 0;
			defaultConfigurationName = Release;
		};
		F41A84151DB571B800004F0C /* Build configuration list for PBXNativeTarget "Multi-Effect-Guitar-Pedal" */ = {
			isa = XCConfigurationList;
			buildConfigurations = (
				F41A84161DB571B800004F0C /* Debug */,
				F41A84171DB571B800004F0C /* Release */,
			);
			defaultConfigurationIsVisible = 0;
		};
		F41A84181DB571B800004F0C /* Build configuration list for PBXNativeTarget "Multi-Effect-Guitar-PedalTests" */ = {
			isa = XCConfigurationList;
			buildConfigurations = (
				F41A84191DB571B800004F0C /* Debug */,
				F41A841A1DB571B800004F0C /* Release */,
			);
			defaultConfigurationIsVisible = 0;
		};
		F41A841B1DB571B800004F0C /* Build configuration list for PBXNativeTarget "Multi-Effect-Guitar-PedalUITests" */ = {
			isa = XCConfigurationList;
			buildConfigurations = (
				F41A841C1DB571B800004F0C /* Debug */,
				F41A841D1DB571B800004F0C /* Release */,
			);
			defaultConfigurationIsVisible = 0;
		};
/* End XCConfigurationList section */
	};
	rootObject = F41A83E51DB571B700004F0C /* Project object */;
}
